{"1.2.0",
[{<<"amqp_client">>,{pkg,<<"amqp_client">>,<<"3.9.8">>},0},
 {<<"credentials_obfuscation">>,
  {pkg,<<"credentials_obfuscation">>,<<"2.4.0">>},
  2},
 {<<"jsx">>,{pkg,<<"jsx">>,<<"3.1.0">>},2},
 {<<"rabbit_common">>,{pkg,<<"rabbit_common">>,<<"3.9.8">>},1},
 {<<"recon">>,{pkg,<<"recon">>,<<"2.5.1">>},2}]}.
[
{pkg_hash,[
 {<<"amqp_client">>, <<"031A2335124F8D5DD773E0376A1E2B4D6972ADFB97B2584689FB7EC91F2E1B83">>},
 {<<"credentials_obfuscation">>, <<"9FB57683B84899CA3546B384E59AB5D3054A9F334EBA50D74C82CD0AE82DD6CA">>},
 {<<"jsx">>, <<"D12516BAA0BB23A59BB35DCCAF02A1BD08243FCBB9EFE24F2D9D056CCFF71268">>},
 {<<"rabbit_common">>, <<"335A724D42502CB98B9DE6C20D6548CF9957F3C32615CDCEFC126A639020265D">>},
 {<<"recon">>, <<"430FFA60685AC1EFDFB1FE4C97B8767C92D0D92E6E7C3E8621559BA77598678A">>}]},
{pkg_hash_ext,[
 {<<"amqp_client">>, <<"FDC57592659AAD5CB4BC5AE5AFCB557681211A1607D919999A9405D0FEEF5CFA">>},
 {<<"credentials_obfuscation">>, <<"D28A89830E30698B075DE9A4DBE683A20685C6BED1E3B7DF744A0C06E6FF200A">>},
 {<<"jsx">>, <<"0C5CC8FDC11B53CC25CF65AC6705AD39E54ECC56D1C22E4ADB8F5A53FB9427F3">>},
 {<<"rabbit_common">>, <<"4F839F72D6BFB60A88624CD2C32E17BA52E3C18C84573FB80A6680B378F0B536">>},
 {<<"recon">>, <<"5721C6B6D50122D8F68CCCAC712CAA1231F97894BAB779EFF5FF0F886CB44648">>}]}
].
