{"1.2.0",
[{<<"amqp_client">>,{pkg,<<"amqp_client">>,<<"3.11.5">>},0},
 {<<"credentials_obfuscation">>,
  {pkg,<<"credentials_obfuscation">>,<<"3.2.0">>},
  2},
 {<<"rabbit_common">>,{pkg,<<"rabbit_common">>,<<"3.11.5">>},1},
 {<<"recon">>,{pkg,<<"recon">>,<<"2.5.3">>},0},
 {<<"thoas">>,{pkg,<<"thoas">>,<<"0.4.0">>},2}]}.
[
{pkg_hash,[
 {<<"amqp_client">>, <<"25398CB19E2CA102CDBBCA734D5BB0E8DC7273C34A3661FE908C63A2EAD8F028">>},
 {<<"credentials_obfuscation">>, <<"BECF48ED7C96938600F88F486031BCBF9B9C4E3353CC314CA131C347C4C7815C">>},
 {<<"rabbit_common">>, <<"ABDB098DB8169D93ABAED3B5960843F9FC07707448BEF42C4FF0E94C5CE40038">>},
 {<<"recon">>, <<"739107B9050EA683C30E96DE050BC59248FD27EC147696F79A8797FF9FA17153">>},
 {<<"thoas">>, <<"86A72CCDC5EC388A13F9F843BCD6C1076640233B95440E47FFB8E3C0DBDB5A17">>}]},
{pkg_hash_ext,[
 {<<"amqp_client">>, <<"DEC345E180AF31E93341140917F6D961DED3C7B88B2ACA3EB8F77B60E13CF56A">>},
 {<<"credentials_obfuscation">>, <<"FE8ECE91A1BA6C8A08EB1063CFD5B063A723C5FE29A1FAD6B7CBD76CB18D2EEB">>},
 {<<"rabbit_common">>, <<"FC1BFC533A1308555CB9CA164798E51167B9AB518027597D5A4B9C211DC09573">>},
 {<<"recon">>, <<"6C6683F46FD4A1DFD98404B9F78DCABC7FCD8826613A89DCB984727A8C3099D7">>},
 {<<"thoas">>, <<"442296847ACA11DB8D25180693D7CA3073D6D7179F66952F07B16415306513B6">>}]}
].
